{
  "object": {
    "pins": [
      {
        "package": "Kingfisher",
        "repositoryURL": "https://github.com/onevcat/Kingfisher.git",
        "state": {
          "branch": "master",
          "revision": "15dde451f97a8ae18ea4f94969b7c8546f034b37",
          "version": null
        }
      },
      {
        "package": "SnapKit",
        "repositoryURL": "https://github.com/SnapKit/SnapKit.git",
        "state": {
          "branch": "develop",
          "revision": "466db39ee4ef32b0f7c8cd9f009aaf42f80beace",
          "version": null
        }
      },
      {
        "package": "SQLite.swift",
        "repositoryURL": "https://github.com/stephencelis/SQLite.swift.git",
        "state": {
          "branch": null,
          "revision": "60a65015f6402b7c34b9a924f755ca0a73afeeaa",
          "version": "0.13.1"
        }
      },
      {
        "package": "SwiftMessages",
        "repositoryURL": "https://github.com/SwiftKickMobile/SwiftMessages",
        "state": {
          "branch": null,
          "revision": "b29dd21090b708aa0ae9ecbaf6e2d0487028dc3f",
          "version": "9.0.6"
        }
      }
    ]
  },
  "version": 1
}
